
Microsoft Visual Studio Solution File, Format Version 12.00
# Visual Studio 2013
VisualStudioVersion = 12.0.31101.0
MinimumVisualStudioVersion = 10.0.40219.1
Project("{FAE04EC0-301F-11D3-BF4B-00C04F79EFBC}") = "CDS.DataAccessLayer", "..\CDSCommon\CDS.DataAccessLayer\CDS.DataAccessLayer.csproj", "{8193BA88-693C-4C19-A32B-E95616910C25}"
EndProject
Project("{FAE04EC0-301F-11D3-BF4B-00C04F79EFBC}") = "CDS.BusinessLayer", "..\CDSCommon\CDS.BusinessLayer\CDS.BusinessLayer.csproj", "{2FB25BB6-49C1-467B-ADB9-974E5F0369C4}"
EndProject
Project("{FAE04EC0-301F-11D3-BF4B-00C04F79EFBC}") = "resources.api.cdsonline.co.za", "resources.api.cdsonline.co.za\resources.api.cdsonline.co.za.csproj", "{003B3804-E0BB-4AEE-9BD5-C9074E266317}"
EndProject
Project("{FAE04EC0-301F-11D3-BF4B-00C04F79EFBC}") = "authenticate.cdsonline.co.za", "authenticate.cdsonline.co.za\authenticate.cdsonline.co.za.csproj", "{F1972491-B496-4432-8D5D-F28D9DF85D8C}"
EndProject
Global
	GlobalSection(SolutionConfigurationPlatforms) = preSolution
		Debug|Any CPU = Debug|Any CPU
		Release|Any CPU = Release|Any CPU
	EndGlobalSection
	GlobalSection(ProjectConfigurationPlatforms) = postSolution
		{8193BA88-693C-4C19-A32B-E95616910C25}.Debug|Any CPU.ActiveCfg = Debug|Any CPU
		{8193BA88-693C-4C19-A32B-E95616910C25}.Debug|Any CPU.Build.0 = Debug|Any CPU
		{8193BA88-693C-4C19-A32B-E95616910C25}.Release|Any CPU.ActiveCfg = Release|Any CPU
		{8193BA88-693C-4C19-A32B-E95616910C25}.Release|Any CPU.Build.0 = Release|Any CPU
		{2FB25BB6-49C1-467B-ADB9-974E5F0369C4}.Debug|Any CPU.ActiveCfg = Debug|Any CPU
		{2FB25BB6-49C1-467B-ADB9-974E5F0369C4}.Debug|Any CPU.Build.0 = Debug|Any CPU
		{2FB25BB6-49C1-467B-ADB9-974E5F0369C4}.Release|Any CPU.ActiveCfg = Release|Any CPU
		{2FB25BB6-49C1-467B-ADB9-974E5F0369C4}.Release|Any CPU.Build.0 = Release|Any CPU
		{003B3804-E0BB-4AEE-9BD5-C9074E266317}.Debug|Any CPU.ActiveCfg = Debug|Any CPU
		{003B3804-E0BB-4AEE-9BD5-C9074E266317}.Debug|Any CPU.Build.0 = Debug|Any CPU
		{003B3804-E0BB-4AEE-9BD5-C9074E266317}.Release|Any CPU.ActiveCfg = Release|Any CPU
		{003B3804-E0BB-4AEE-9BD5-C9074E266317}.Release|Any CPU.Build.0 = Release|Any CPU
		{F1972491-B496-4432-8D5D-F28D9DF85D8C}.Debug|Any CPU.ActiveCfg = Debug|Any CPU
		{F1972491-B496-4432-8D5D-F28D9DF85D8C}.Debug|Any CPU.Build.0 = Debug|Any CPU
		{F1972491-B496-4432-8D5D-F28D9DF85D8C}.Release|Any CPU.ActiveCfg = Release|Any CPU
		{F1972491-B496-4432-8D5D-F28D9DF85D8C}.Release|Any CPU.Build.0 = Release|Any CPU
	EndGlobalSection
	GlobalSection(SolutionProperties) = preSolution
		HideSolutionNode = FALSE
	EndGlobalSection
EndGlobal
